{
  "version": 4,
  "terraform_version": "1.5.6",
  "serial": 13,
  "lineage": "8ebae7a1-6a26-46f6-9a9a-ea8940b2dc39",
  "outputs": {},
  "resources": [
    {
      "mode": "data",
      "type": "archive_file",
      "name": "zip",
      "provider": "provider[\"registry.terraform.io/hashicorp/archive\"]",
      "instances": [
        {
          "schema_version": 0,
          "attributes": {
            "exclude_symlink_directories": null,
            "excludes": null,
            "id": "7104313fa86728856f5285cc9674f11497b78467",
            "output_base64sha256": "0nIKx6WXZxc0/QX4Xwj+FkzUqkrm44P5g2bOraSgLJ0=",
            "output_base64sha512": "H66nAAuOSy05cyxrBFPcjuB+IP2R/ohRIxDF3Ig6Sdil0ARHG+UDVpmRjQtU0OnQP3DEAE6mU3tmC1wWCjfYrA==",
            "output_file_mode": null,
            "output_md5": "79c3e37e6e645175729b8d859a51c956",
            "output_path": "./packedllambda.zip",
            "output_sha": "7104313fa86728856f5285cc9674f11497b78467",
            "output_sha256": "d2720ac7a597671734fd05f85f08fe164cd4aa4ae6e383f98366ceada4a02c9d",
            "output_sha512": "1faea7000b8e4b2d39732c6b0453dc8ee07e20fd91fe88512310c5dc883a49d8a5d004471be5035699918d0b54d0e9d03f70c4004ea6537b660b5c160a37d8ac",
            "output_size": 374,
            "source": [],
            "source_content": null,
            "source_content_filename": null,
            "source_dir": "./lambda",
            "source_file": null,
            "type": "zip"
          },
          "sensitive_attributes": []
        }
      ]
    },
    {
      "mode": "managed",
      "type": "aws_dynamodb_table",
      "name": "Resume_Website_Table-test",
      "provider": "provider[\"registry.terraform.io/hashicorp/aws\"]",
      "instances": [
        {
          "schema_version": 1,
          "attributes": {
            "arn": "arn:aws:dynamodb:us-east-1:035223592675:table/Resume-Website-Table-test",
            "attribute": [
              {
                "name": "View_Count",
                "type": "S"
              }
            ],
            "billing_mode": "PAY_PER_REQUEST",
            "deletion_protection_enabled": false,
            "global_secondary_index": [],
            "hash_key": "View_Count",
            "id": "Resume-Website-Table-test",
            "local_secondary_index": [],
            "name": "Resume-Website-Table-test",
            "point_in_time_recovery": [
              {
                "enabled": false
              }
            ],
            "range_key": null,
            "read_capacity": 0,
            "replica": [],
            "restore_date_time": null,
            "restore_source_name": null,
            "restore_to_latest_time": null,
            "server_side_encryption": [],
            "stream_arn": "",
            "stream_enabled": false,
            "stream_label": "",
            "stream_view_type": "",
            "table_class": "STANDARD",
            "tags": {},
            "tags_all": {},
            "timeouts": null,
            "ttl": [
              {
                "attribute_name": "",
                "enabled": false
              }
            ],
            "write_capacity": 0
          },
          "sensitive_attributes": [],
          "private": "eyJlMmJmYjczMC1lY2FhLTExZTYtOGY4OC0zNDM2M2JjN2M0YzAiOnsiY3JlYXRlIjoxODAwMDAwMDAwMDAwLCJkZWxldGUiOjYwMDAwMDAwMDAwMCwidXBkYXRlIjozNjAwMDAwMDAwMDAwfSwic2NoZW1hX3ZlcnNpb24iOiIxIn0="
        }
      ]
    },
    {
      "mode": "managed",
      "type": "aws_iam_policy",
      "name": "iam_policy_for_resume_project",
      "provider": "provider[\"registry.terraform.io/hashicorp/aws\"]",
      "instances": [
        {
          "schema_version": 0,
          "attributes": {
            "arn": "arn:aws:iam::035223592675:policy/a-new-policy",
            "description": "AWS IAM policy for managing the resume project role",
            "id": "arn:aws:iam::035223592675:policy/a-new-policy",
            "name": "a-new-policy",
            "name_prefix": "",
            "path": "/",
            "policy": "{\"Statement\":[{\"Action\":[\"logs:CreateLogGroup\",\"logs:CreateLogsStream\",\"logs:PutLogEvents\"],\"Effect\":\"Allow\",\"Resource\":\"arn:aws:logs:*:*:*\"},{\"Action\":[\"dynamodb:UpdateItem\",\"dynamodb:GetItem\"],\"Effect\":\"Allow\",\"Resource\":\"arn:aws:dynamodb:*:*:table/Resume-Website-Table\"}],\"Version\":\"2012-10-17\"}",
            "policy_id": "ANPAQQM35L3R2OE5MV6UX",
            "tags": {},
            "tags_all": {}
          },
          "sensitive_attributes": [],
          "private": "bnVsbA=="
        }
      ]
    },
    {
      "mode": "managed",
      "type": "aws_iam_role",
      "name": "RoleforLambda",
      "provider": "provider[\"registry.terraform.io/hashicorp/aws\"]",
      "instances": [
        {
          "schema_version": 0,
          "attributes": {
            "arn": "arn:aws:iam::035223592675:role/DB_permissions",
            "assume_role_policy": "{\"Statement\":[{\"Action\":\"sts:AssumeRole\",\"Effect\":\"Allow\",\"Principal\":{\"Service\":\"lambda.amazonaws.com\"},\"Sid\":\"\"}],\"Version\":\"2012-10-17\"}",
            "create_date": "2023-09-19T04:09:17Z",
            "description": "",
            "force_detach_policies": false,
            "id": "DB_permissions",
            "inline_policy": [],
            "managed_policy_arns": [
              "arn:aws:iam::035223592675:policy/a-new-policy"
            ],
            "max_session_duration": 3600,
            "name": "DB_permissions",
            "name_prefix": "",
            "path": "/",
            "permissions_boundary": null,
            "tags": {},
            "tags_all": {},
            "unique_id": "AROAQQM35L3RQEJHOD2PE"
          },
          "sensitive_attributes": [],
          "private": "bnVsbA=="
        }
      ]
    },
    {
      "mode": "managed",
      "type": "aws_iam_role_policy_attachment",
      "name": "attach_iam_policy_to_iam_role",
      "provider": "provider[\"registry.terraform.io/hashicorp/aws\"]",
      "instances": [
        {
          "schema_version": 0,
          "attributes": {
            "id": "DB_permissions-20230919040918350000000001",
            "policy_arn": "arn:aws:iam::035223592675:policy/a-new-policy",
            "role": "DB_permissions"
          },
          "sensitive_attributes": [],
          "private": "bnVsbA==",
          "dependencies": [
            "aws_iam_policy.iam_policy_for_resume_project",
            "aws_iam_role.RoleforLambda"
          ]
        }
      ]
    },
    {
      "mode": "managed",
      "type": "aws_lambda_function",
      "name": "func",
      "provider": "provider[\"registry.terraform.io/hashicorp/aws\"]",
      "instances": [
        {
          "schema_version": 0,
          "attributes": {
            "architectures": [
              "x86_64"
            ],
            "arn": "arn:aws:lambda:us-east-1:035223592675:function:cloud-test-api",
            "code_signing_config_arn": "",
            "dead_letter_config": [],
            "description": "",
            "environment": [],
            "ephemeral_storage": [
              {
                "size": 512
              }
            ],
            "file_system_config": [],
            "filename": "./packedllambda.zip",
            "function_name": "cloud-test-api",
            "handler": "lambda_function.lambda_handler",
            "id": "cloud-test-api",
            "image_config": [],
            "image_uri": "",
            "invoke_arn": "arn:aws:apigateway:us-east-1:lambda:path/2015-03-31/functions/arn:aws:lambda:us-east-1:035223592675:function:cloud-test-api/invocations",
            "kms_key_arn": "",
            "last_modified": "2023-09-19T04:11:21.984+0000",
            "layers": [],
            "memory_size": 128,
            "package_type": "Zip",
            "publish": false,
            "qualified_arn": "arn:aws:lambda:us-east-1:035223592675:function:cloud-test-api:$LATEST",
            "qualified_invoke_arn": "arn:aws:apigateway:us-east-1:lambda:path/2015-03-31/functions/arn:aws:lambda:us-east-1:035223592675:function:cloud-test-api:$LATEST/invocations",
            "replace_security_groups_on_destroy": null,
            "replacement_security_group_ids": null,
            "reserved_concurrent_executions": -1,
            "role": "arn:aws:iam::035223592675:role/DB_permissions",
            "runtime": "python3.11",
            "s3_bucket": null,
            "s3_key": null,
            "s3_object_version": null,
            "signing_job_arn": "",
            "signing_profile_version_arn": "",
            "skip_destroy": false,
            "snap_start": [],
            "source_code_hash": "0nIKx6WXZxc0/QX4Xwj+FkzUqkrm44P5g2bOraSgLJ0=",
            "source_code_size": 374,
            "tags": {},
            "tags_all": {},
            "timeout": 3,
            "timeouts": null,
            "tracing_config": [
              {
                "mode": "PassThrough"
              }
            ],
            "version": "$LATEST",
            "vpc_config": []
          },
          "sensitive_attributes": [],
          "private": "eyJlMmJmYjczMC1lY2FhLTExZTYtOGY4OC0zNDM2M2JjN2M0YzAiOnsiY3JlYXRlIjo2MDAwMDAwMDAwMDAsImRlbGV0ZSI6NjAwMDAwMDAwMDAwLCJ1cGRhdGUiOjYwMDAwMDAwMDAwMH19",
          "dependencies": [
            "aws_iam_role.RoleforLambda",
            "data.archive_file.zip"
          ]
        }
      ]
    }
  ],
  "check_results": null
}
